
Microsoft Visual Studio Solution File, Format Version 12.00
# Visual Studio Version 17
VisualStudioVersion = 17.4.32916.344
MinimumVisualStudioVersion = 10.0.40219.1
Project("{FAE04EC0-301F-11D3-BF4B-00C04F79EFBC}") = "ShopOnline.Web", "ShopOnline.Web\ShopOnline.Web.csproj", "{BE6D668F-96AC-46CF-B967-6FB182A6F280}"
EndProject
Project("{FAE04EC0-301F-11D3-BF4B-00C04F79EFBC}") = "ShopOnline.Api", "ShopOnline.Api\ShopOnline.Api.csproj", "{346F45EE-326A-4778-B366-D6022CA21654}"
EndProject
Project("{FAE04EC0-301F-11D3-BF4B-00C04F79EFBC}") = "ShopOnline.Models", "ShopOnline.Models\ShopOnline.Models.csproj", "{F4DEDA86-0BF4-4163-9E1F-AEC0F5E651D3}"
EndProject
Global
	GlobalSection(SolutionConfigurationPlatforms) = preSolution
		Debug|Any CPU = Debug|Any CPU
		Release|Any CPU = Release|Any CPU
	EndGlobalSection
	GlobalSection(ProjectConfigurationPlatforms) = postSolution
		{BE6D668F-96AC-46CF-B967-6FB182A6F280}.Debug|Any CPU.ActiveCfg = Debug|Any CPU
		{BE6D668F-96AC-46CF-B967-6FB182A6F280}.Debug|Any CPU.Build.0 = Debug|Any CPU
		{BE6D668F-96AC-46CF-B967-6FB182A6F280}.Release|Any CPU.ActiveCfg = Release|Any CPU
		{BE6D668F-96AC-46CF-B967-6FB182A6F280}.Release|Any CPU.Build.0 = Release|Any CPU
		{346F45EE-326A-4778-B366-D6022CA21654}.Debug|Any CPU.ActiveCfg = Debug|Any CPU
		{346F45EE-326A-4778-B366-D6022CA21654}.Debug|Any CPU.Build.0 = Debug|Any CPU
		{346F45EE-326A-4778-B366-D6022CA21654}.Release|Any CPU.ActiveCfg = Release|Any CPU
		{346F45EE-326A-4778-B366-D6022CA21654}.Release|Any CPU.Build.0 = Release|Any CPU
		{F4DEDA86-0BF4-4163-9E1F-AEC0F5E651D3}.Debug|Any CPU.ActiveCfg = Debug|Any CPU
		{F4DEDA86-0BF4-4163-9E1F-AEC0F5E651D3}.Debug|Any CPU.Build.0 = Debug|Any CPU
		{F4DEDA86-0BF4-4163-9E1F-AEC0F5E651D3}.Release|Any CPU.ActiveCfg = Release|Any CPU
		{F4DEDA86-0BF4-4163-9E1F-AEC0F5E651D3}.Release|Any CPU.Build.0 = Release|Any CPU
	EndGlobalSection
	GlobalSection(SolutionProperties) = preSolution
		HideSolutionNode = FALSE
	EndGlobalSection
	GlobalSection(ExtensibilityGlobals) = postSolution
		SolutionGuid = {0FDF6360-00E7-4029-A81B-EF6CB5F760AA}
	EndGlobalSection
EndGlobal
